// !$*UTF8*$!
{
	archiveVersion = 1;
	classes = {
	};
	objectVersion = 50;
	objects = {

/* Begin PBXBuildFile section */
		619656A7213AEF7A006B0237 /* AppDelegate.swift in Sources */ = {isa = PBXBuildFile; fileRef = 619656A6213AEF7A006B0237 /* AppDelegate.swift */; };
		619656A9213AEF7A006B0237 /* RecordSoundViewController.swift in Sources */ = {isa = PBXBuildFile; fileRef = 619656A8213AEF7A006B0237 /* RecordSoundViewController.swift */; };
		619656AC213AEF7A006B0237 /* Main.storyboard in Resources */ = {isa = PBXBuildFile; fileRef = 619656AA213AEF7A006B0237 /* Main.storyboard */; };
		619656AE213AEF7B006B0237 /* Assets.xcassets in Resources */ = {isa = PBXBuildFile; fileRef = 619656AD213AEF7B006B0237 /* Assets.xcassets */; };
		619656B1213AEF7C006B0237 /* LaunchScreen.storyboard in Resources */ = {isa = PBXBuildFile; fileRef = 619656AF213AEF7C006B0237 /* LaunchScreen.storyboard */; };
		619656BC213AEF7C006B0237 /* Pitch_PerfectTests.swift in Sources */ = {isa = PBXBuildFile; fileRef = 619656BB213AEF7C006B0237 /* Pitch_PerfectTests.swift */; };
		619656C7213AEF7C006B0237 /* Pitch_PerfectUITests.swift in Sources */ = {isa = PBXBuildFile; fileRef = 619656C6213AEF7C006B0237 /* Pitch_PerfectUITests.swift */; };
		619656D6213B145C006B0237 /* AVFoundation.framework in Frameworks */ = {isa = PBXBuildFile; fileRef = 619656D5213B145C006B0237 /* AVFoundation.framework */; };
		619656D8213B1E25006B0237 /* PlaySoundsViewController.swift in Sources */ = {isa = PBXBuildFile; fileRef = 619656D7213B1E25006B0237 /* PlaySoundsViewController.swift */; };
		619656DA213B2E2B006B0237 /* PlaySoundsViewController+Audio.swift in Sources */ = {isa = PBXBuildFile; fileRef = 619656D9213B2E2B006B0237 /* PlaySoundsViewController+Audio.swift */; };
		619656DE213BD503006B0237 /* AuthenticationViewController.swift in Sources */ = {isa = PBXBuildFile; fileRef = 619656DD213BD503006B0237 /* AuthenticationViewController.swift */; };
		619656E0213BD768006B0237 /* LocalAuthentication.framework in Frameworks */ = {isa = PBXBuildFile; fileRef = 619656DF213BD768006B0237 /* LocalAuthentication.framework */; };
/* End PBXBuildFile section */

/* Begin PBXContainerItemProxy section */
		619656B8213AEF7C006B0237 /* PBXContainerItemProxy */ = {
			isa = PBXContainerItemProxy;
			containerPortal = 6196569B213AEF7A006B0237 /* Project object */;
			proxyType = 1;
			remoteGlobalIDString = 619656A2213AEF7A006B0237;
			remoteInfo = "Pitch Perfect";
		};
		619656C3213AEF7C006B0237 /* PBXContainerItemProxy */ = {
			isa = PBXContainerItemProxy;
			containerPortal = 6196569B213AEF7A006B0237 /* Project object */;
			proxyType = 1;
			remoteGlobalIDString = 619656A2213AEF7A006B0237;
			remoteInfo = "Pitch Perfect";
		};
/* End PBXContainerItemProxy section */

/* Begin PBXFileReference section */
		619656A3213AEF7A006B0237 /* Pitch Perfect.app */ = {isa = PBXFileReference; explicitFileType = wrapper.application; includeInIndex = 0; path = "Pitch Perfect.app"; sourceTree = BUILT_PRODUCTS_DIR; };
		619656A6213AEF7A006B0237 /* AppDelegate.swift */ = {isa = PBXFileReference; lastKnownFileType = sourcecode.swift; path = AppDelegate.swift; sourceTree = "<group>"; };
		619656A8213AEF7A006B0237 /* RecordSoundViewController.swift */ = {isa = PBXFileReference; lastKnownFileType = sourcecode.swift; path = RecordSoundViewController.swift; sourceTree = "<group>"; };
		619656AB213AEF7A006B0237 /* Base */ = {isa = PBXFileReference; lastKnownFileType = file.storyboard; name = Base; path = Base.lproj/Main.storyboard; sourceTree = "<group>"; };
		619656AD213AEF7B006B0237 /* Assets.xcassets */ = {isa = PBXFileReference; lastKnownFileType = folder.assetcatalog; path = Assets.xcassets; sourceTree = "<group>"; };
		619656B0213AEF7C006B0237 /* Base */ = {isa = PBXFileReference; lastKnownFileType = file.storyboard; name = Base; path = Base.lproj/LaunchScreen.storyboard; sourceTree = "<group>"; };
		619656B2213AEF7C006B0237 /* Info.plist */ = {isa = PBXFileReference; lastKnownFileType = text.plist.xml; path = Info.plist; sourceTree = "<group>"; };
		619656B7213AEF7C006B0237 /* Pitch PerfectTests.xctest */ = {isa = PBXFileReference; explicitFileType = wrapper.cfbundle; includeInIndex = 0; path = "Pitch PerfectTests.xctest"; sourceTree = BUILT_PRODUCTS_DIR; };
		619656BB213AEF7C006B0237 /* Pitch_PerfectTests.swift */ = {isa = PBXFileReference; lastKnownFileType = sourcecode.swift; path = Pitch_PerfectTests.swift; sourceTree = "<group>"; };
		619656BD213AEF7C006B0237 /* Info.plist */ = {isa = PBXFileReference; lastKnownFileType = text.plist.xml; path = Info.plist; sourceTree = "<group>"; };
		619656C2213AEF7C006B0237 /* Pitch PerfectUITests.xctest */ = {isa = PBXFileReference; explicitFileType = wrapper.cfbundle; includeInIndex = 0; path = "Pitch PerfectUITests.xctest"; sourceTree = BUILT_PRODUCTS_DIR; };
		619656C6213AEF7C006B0237 /* Pitch_PerfectUITests.swift */ = {isa = PBXFileReference; lastKnownFileType = sourcecode.swift; path = Pitch_PerfectUITests.swift; sourceTree = "<group>"; };
		619656C8213AEF7C006B0237 /* Info.plist */ = {isa = PBXFileReference; lastKnownFileType = text.plist.xml; path = Info.plist; sourceTree = "<group>"; };
		619656D5213B145C006B0237 /* AVFoundation.framework */ = {isa = PBXFileReference; lastKnownFileType = wrapper.framework; name = AVFoundation.framework; path = System/Library/Frameworks/AVFoundation.framework; sourceTree = SDKROOT; };
		619656D7213B1E25006B0237 /* PlaySoundsViewController.swift */ = {isa = PBXFileReference; lastKnownFileType = sourcecode.swift; path = PlaySoundsViewController.swift; sourceTree = "<group>"; };
		619656D9213B2E2B006B0237 /* PlaySoundsViewController+Audio.swift */ = {isa = PBXFileReference; fileEncoding = 4; lastKnownFileType = sourcecode.swift; path = "PlaySoundsViewController+Audio.swift"; sourceTree = "<group>"; };
		619656DD213BD503006B0237 /* AuthenticationViewController.swift */ = {isa = PBXFileReference; lastKnownFileType = sourcecode.swift; path = AuthenticationViewController.swift; sourceTree = "<group>"; };
		619656DF213BD768006B0237 /* LocalAuthentication.framework */ = {isa = PBXFileReference; lastKnownFileType = wrapper.framework; name = LocalAuthentication.framework; path = System/Library/Frameworks/LocalAuthentication.framework; sourceTree = SDKROOT; };
/* End PBXFileReference section */

/* Begin PBXFrameworksBuildPhase section */
		619656A0213AEF7A006B0237 /* Frameworks */ = {
			isa = PBXFrameworksBuildPhase;
			buildActionMask = 2147483647;
			files = (
				619656E0213BD768006B0237 /* LocalAuthentication.framework in Frameworks */,
				619656D6213B145C006B0237 /* AVFoundation.framework in Frameworks */,
			);
			runOnlyForDeploymentPostprocessing = 0;
		};
		619656B4213AEF7C006B0237 /* Frameworks */ = {
			isa = PBXFrameworksBuildPhase;
			buildActionMask = 2147483647;
			files = (
			);
			runOnlyForDeploymentPostprocessing = 0;
		};
		619656BF213AEF7C006B0237 /* Frameworks */ = {
			isa = PBXFrameworksBuildPhase;
			buildActionMask = 2147483647;
			files = (
			);
			runOnlyForDeploymentPostprocessing = 0;
		};
/* End PBXFrameworksBuildPhase section */

/* Begin PBXGroup section */
		6196569A213AEF7A006B0237 = {
			isa = PBXGroup;
			children = (
				619656A5213AEF7A006B0237 /* Pitch Perfect */,
				619656BA213AEF7C006B0237 /* Pitch PerfectTests */,
				619656C5213AEF7C006B0237 /* Pitch PerfectUITests */,
				619656A4213AEF7A006B0237 /* Products */,
				619656D4213B145C006B0237 /* Frameworks */,
			);
			sourceTree = "<group>";
		};
		619656A4213AEF7A006B0237 /* Products */ = {
			isa = PBXGroup;
			children = (
				619656A3213AEF7A006B0237 /* Pitch Perfect.app */,
				619656B7213AEF7C006B0237 /* Pitch PerfectTests.xctest */,
				619656C2213AEF7C006B0237 /* Pitch PerfectUITests.xctest */,
			);
			name = Products;
			sourceTree = "<group>";
		};
		619656A5213AEF7A006B0237 /* Pitch Perfect */ = {
			isa = PBXGroup;
			children = (
				619656D9213B2E2B006B0237 /* PlaySoundsViewController+Audio.swift */,
				619656B2213AEF7C006B0237 /* Info.plist */,
				619656A6213AEF7A006B0237 /* AppDelegate.swift */,
				619656D7213B1E25006B0237 /* PlaySoundsViewController.swift */,
				619656A8213AEF7A006B0237 /* RecordSoundViewController.swift */,
				619656AD213AEF7B006B0237 /* Assets.xcassets */,
				619656AF213AEF7C006B0237 /* LaunchScreen.storyboard */,
				619656AA213AEF7A006B0237 /* Main.storyboard */,
				619656DD213BD503006B0237 /* AuthenticationViewController.swift */,
			);
			path = "Pitch Perfect";
			sourceTree = "<group>";
		};
		619656BA213AEF7C006B0237 /* Pitch PerfectTests */ = {
			isa = PBXGroup;
			children = (
				619656BB213AEF7C006B0237 /* Pitch_PerfectTests.swift */,
				619656BD213AEF7C006B0237 /* Info.plist */,
			);
			path = "Pitch PerfectTests";
			sourceTree = "<group>";
		};
		619656C5213AEF7C006B0237 /* Pitch PerfectUITests */ = {
			isa = PBXGroup;
			children = (
				619656C6213AEF7C006B0237 /* Pitch_PerfectUITests.swift */,
				619656C8213AEF7C006B0237 /* Info.plist */,
			);
			path = "Pitch PerfectUITests";
			sourceTree = "<group>";
		};
		619656D4213B145C006B0237 /* Frameworks */ = {
			isa = PBXGroup;
			children = (
				619656DF213BD768006B0237 /* LocalAuthentication.framework */,
				619656D5213B145C006B0237 /* AVFoundation.framework */,
			);
			name = Frameworks;
			sourceTree = "<group>";
		};
/* End PBXGroup section */

/* Begin PBXNativeTarget section */
		619656A2213AEF7A006B0237 /* Pitch Perfect */ = {
			isa = PBXNativeTarget;
			buildConfigurationList = 619656CB213AEF7C006B0237 /* Build configuration list for PBXNativeTarget "Pitch Perfect" */;
			buildPhases = (
				6196569F213AEF7A006B0237 /* Sources */,
				619656A0213AEF7A006B0237 /* Frameworks */,
				619656A1213AEF7A006B0237 /* Resources */,
			);
			buildRules = (
			);
			dependencies = (
			);
			name = "Pitch Perfect";
			productName = "Pitch Perfect";
			productReference = 619656A3213AEF7A006B0237 /* Pitch Perfect.app */;
			productType = "com.apple.product-type.application";
		};
		619656B6213AEF7C006B0237 /* Pitch PerfectTests */ = {
			isa = PBXNativeTarget;
			buildConfigurationList = 619656CE213AEF7C006B0237 /* Build configuration list for PBXNativeTarget "Pitch PerfectTests" */;
			buildPhases = (
				619656B3213AEF7C006B0237 /* Sources */,
				619656B4213AEF7C006B0237 /* Frameworks */,
				619656B5213AEF7C006B0237 /* Resources */,
			);
			buildRules = (
			);
			dependencies = (
				619656B9213AEF7C006B0237 /* PBXTargetDependency */,
			);
			name = "Pitch PerfectTests";
			productName = "Pitch PerfectTests";
			productReference = 619656B7213AEF7C006B0237 /* Pitch PerfectTests.xctest */;
			productType = "com.apple.product-type.bundle.unit-test";
		};
		619656C1213AEF7C006B0237 /* Pitch PerfectUITests */ = {
			isa = PBXNativeTarget;
			buildConfigurationList = 619656D1213AEF7C006B0237 /* Build configuration list for PBXNativeTarget "Pitch PerfectUITests" */;
			buildPhases = (
				619656BE213AEF7C006B0237 /* Sources */,
				619656BF213AEF7C006B0237 /* Frameworks */,
				619656C0213AEF7C006B0237 /* Resources */,
			);
			buildRules = (
			);
			dependencies = (
				619656C4213AEF7C006B0237 /* PBXTargetDependency */,
			);
			name = "Pitch PerfectUITests";
			productName = "Pitch PerfectUITests";
			productReference = 619656C2213AEF7C006B0237 /* Pitch PerfectUITests.xctest */;
			productType = "com.apple.product-type.bundle.ui-testing";
		};
/* End PBXNativeTarget section */

/* Begin PBXProject section */
		6196569B213AEF7A006B0237 /* Project object */ = {
			isa = PBXProject;
			attributes = {
				LastSwiftUpdateCheck = 0940;
				LastUpgradeCheck = 0940;
				ORGANIZATIONNAME = "Chetan Bhasin";
				TargetAttributes = {
					619656A2213AEF7A006B0237 = {
						CreatedOnToolsVersion = 9.4.1;
						LastSwiftMigration = 1010;
					};
					619656B6213AEF7C006B0237 = {
						CreatedOnToolsVersion = 9.4.1;
						LastSwiftMigration = 1010;
						TestTargetID = 619656A2213AEF7A006B0237;
					};
					619656C1213AEF7C006B0237 = {
						CreatedOnToolsVersion = 9.4.1;
						LastSwiftMigration = 1010;
						TestTargetID = 619656A2213AEF7A006B0237;
					};
				};
			};
			buildConfigurationList = 6196569E213AEF7A006B0237 /* Build configuration list for PBXProject "Pitch Perfect" */;
			compatibilityVersion = "Xcode 9.3";
			developmentRegion = en;
			hasScannedForEncodings = 0;
			knownRegions = (
				en,
				Base,
			);
			mainGroup = 6196569A213AEF7A006B0237;
			productRefGroup = 619656A4213AEF7A006B0237 /* Products */;
			projectDirPath = "";
			projectRoot = "";
			targets = (
				619656A2213AEF7A006B0237 /* Pitch Perfect */,
				619656B6213AEF7C006B0237 /* Pitch PerfectTests */,
				619656C1213AEF7C006B0237 /* Pitch PerfectUITests */,
			);
		};
/* End PBXProject section */

/* Begin PBXResourcesBuildPhase section */
		619656A1213AEF7A006B0237 /* Resources */ = {
			isa = PBXResourcesBuildPhase;
			buildActionMask = 2147483647;
			files = (
				619656B1213AEF7C006B0237 /* LaunchScreen.storyboard in Resources */,
				619656AE213AEF7B006B0237 /* Assets.xcassets in Resources */,
				619656AC213AEF7A006B0237 /* Main.storyboard in Resources */,
			);
			runOnlyForDeploymentPostprocessing = 0;
		};
		619656B5213AEF7C006B0237 /* Resources */ = {
			isa = PBXResourcesBuildPhase;
			buildActionMask = 2147483647;
			files = (
			);
			runOnlyForDeploymentPostprocessing = 0;
		};
		619656C0213AEF7C006B0237 /* Resources */ = {
			isa = PBXResourcesBuildPhase;
			buildActionMask = 2147483647;
			files = (
			);
			runOnlyForDeploymentPostprocessing = 0;
		};
/* End PBXResourcesBuildPhase section */

/* Begin PBXSourcesBuildPhase section */
		6196569F213AEF7A006B0237 /* Sources */ = {
			isa = PBXSourcesBuildPhase;
			buildActionMask = 2147483647;
			files = (
				619656A9213AEF7A006B0237 /* RecordSoundViewController.swift in Sources */,
				619656DA213B2E2B006B0237 /* PlaySoundsViewController+Audio.swift in Sources */,
				619656DE213BD503006B0237 /* AuthenticationViewController.swift in Sources */,
				619656D8213B1E25006B0237 /* PlaySoundsViewController.swift in Sources */,
				619656A7213AEF7A006B0237 /* AppDelegate.swift in Sources */,
			);
			runOnlyForDeploymentPostprocessing = 0;
		};
		619656B3213AEF7C006B0237 /* Sources */ = {
			isa = PBXSourcesBuildPhase;
			buildActionMask = 2147483647;
			files = (
				619656BC213AEF7C006B0237 /* Pitch_PerfectTests.swift in Sources */,
			);
			runOnlyForDeploymentPostprocessing = 0;
		};
		619656BE213AEF7C006B0237 /* Sources */ = {
			isa = PBXSourcesBuildPhase;
			buildActionMask = 2147483647;
			files = (
				619656C7213AEF7C006B0237 /* Pitch_PerfectUITests.swift in Sources */,
			);
			runOnlyForDeploymentPostprocessing = 0;
		};
/* End PBXSourcesBuildPhase section */

/* Begin PBXTargetDependency section */
		619656B9213AEF7C006B0237 /* PBXTargetDependency */ = {
			isa = PBXTargetDependency;
			target = 619656A2213AEF7A006B0237 /* Pitch Perfect */;
			targetProxy = 619656B8213AEF7C006B0237 /* PBXContainerItemProxy */;
		};
		619656C4213AEF7C006B0237 /* PBXTargetDependency */ = {
			isa = PBXTargetDependency;
			target = 619656A2213AEF7A006B0237 /* Pitch Perfect */;
			targetProxy = 619656C3213AEF7C006B0237 /* PBXContainerItemProxy */;
		};
/* End PBXTargetDependency section */

/* Begin PBXVariantGroup section */
		619656AA213AEF7A006B0237 /* Main.storyboard */ = {
			isa = PBXVariantGroup;
			children = (
				619656AB213AEF7A006B0237 /* Base */,
			);
			name = Main.storyboard;
			sourceTree = "<group>";
		};
		619656AF213AEF7C006B0237 /* LaunchScreen.storyboard */ = {
			isa = PBXVariantGroup;
			children = (
				619656B0213AEF7C006B0237 /* Base */,
			);
			name = LaunchScreen.storyboard;
			sourceTree = "<group>";
		};
/* End PBXVariantGroup section */

/* Begin XCBuildConfiguration section */
		619656C9213AEF7C006B0237 /* Debug */ = {
			isa = XCBuildConfiguration;
			buildSettings = {
				ALWAYS_SEARCH_USER_PATHS = NO;
				CLANG_ANALYZER_NONNULL = YES;
				CLANG_ANALYZER_NUMBER_OBJECT_CONVERSION = YES_AGGRESSIVE;
				CLANG_CXX_LANGUAGE_STANDARD = "gnu++14";
				CLANG_CXX_LIBRARY = "libc++";
				CLANG_ENABLE_MODULES = YES;
				CLANG_ENABLE_OBJC_ARC = YES;
				CLANG_ENABLE_OBJC_WEAK = YES;
				CLANG_WARN_BLOCK_CAPTURE_AUTORELEASING = YES;
				CLANG_WARN_BOOL_CONVERSION = YES;
				CLANG_WARN_COMMA = YES;
				CLANG_WARN_CONSTANT_CONVERSION = YES;
				CLANG_WARN_DEPRECATED_OBJC_IMPLEMENTATIONS = YES;
				CLANG_WARN_DIRECT_OBJC_ISA_USAGE = YES_ERROR;
				CLANG_WARN_DOCUMENTATION_COMMENTS = YES;
				CLANG_WARN_EMPTY_BODY = YES;
				CLANG_WARN_ENUM_CONVERSION = YES;
				CLANG_WARN_INFINITE_RECURSION = YES;
				CLANG_WARN_INT_CONVERSION = YES;
				CLANG_WARN_NON_LITERAL_NULL_CONVERSION = YES;
				CLANG_WARN_OBJC_IMPLICIT_RETAIN_SELF = YES;
				CLANG_WARN_OBJC_LITERAL_CONVERSION = YES;
				CLANG_WARN_OBJC_ROOT_CLASS = YES_ERROR;
				CLANG_WARN_RANGE_LOOP_ANALYSIS = YES;
				CLANG_WARN_STRICT_PROTOTYPES = YES;
				CLANG_WARN_SUSPICIOUS_MOVE = YES;
				CLANG_WARN_UNGUARDED_AVAILABILITY = YES_AGGRESSIVE;
				CLANG_WARN_UNREACHABLE_CODE = YES;
				CLANG_WARN__DUPLICATE_METHOD_MATCH = YES;
				CODE_SIGN_IDENTITY = "iPhone Developer";
				COPY_PHASE_STRIP = NO;
				DEBUG_INFORMATION_FORMAT = dwarf;
				ENABLE_STRICT_OBJC_MSGSEND = YES;
				ENABLE_TESTABILITY = YES;
				GCC_C_LANGUAGE_STANDARD = gnu11;
				GCC_DYNAMIC_NO_PIC = NO;
				GCC_NO_COMMON_BLOCKS = YES;
				GCC_OPTIMIZATION_LEVEL = 0;
				GCC_PREPROCESSOR_DEFINITIONS = (
					"DEBUG=1",
					"$(inherited)",
				);
				GCC_WARN_64_TO_32_BIT_CONVERSION = YES;
				GCC_WARN_ABOUT_RETURN_TYPE = YES_ERROR;
				GCC_WARN_UNDECLARED_SELECTOR = YES;
				GCC_WARN_UNINITIALIZED_AUTOS = YES_AGGRESSIVE;
				GCC_WARN_UNUSED_FUNCTION = YES;
				GCC_WARN_UNUSED_VARIABLE = YES;
				IPHONEOS_DEPLOYMENT_TARGET = 11.4;
				MTL_ENABLE_DEBUG_INFO = YES;
				ONLY_ACTIVE_ARCH = YES;
				SDKROOT = iphoneos;
				SWIFT_ACTIVE_COMPILATION_CONDITIONS = DEBUG;
				SWIFT_OPTIMIZATION_LEVEL = "-Onone";
			};
			name = Debug;
		};
		619656CA213AEF7C006B0237 /* Release */ = {
			isa = XCBuildConfiguration;
			buildSettings = {
				ALWAYS_SEARCH_USER_PATHS = NO;
				CLANG_ANALYZER_NONNULL = YES;
				CLANG_ANALYZER_NUMBER_OBJECT_CONVERSION = YES_AGGRESSIVE;
				CLANG_CXX_LANGUAGE_STANDARD = "gnu++14";
				CLANG_CXX_LIBRARY = "libc++";
				CLANG_ENABLE_MODULES = YES;
				CLANG_ENABLE_OBJC_ARC = YES;
				CLANG_ENABLE_OBJC_WEAK = YES;
				CLANG_WARN_BLOCK_CAPTURE_AUTORELEASING = YES;
				CLANG_WARN_BOOL_CONVERSION = YES;
				CLANG_WARN_COMMA = YES;
				CLANG_WARN_CONSTANT_CONVERSION = YES;
				CLANG_WARN_DEPRECATED_OBJC_IMPLEMENTATIONS = YES;
				CLANG_WARN_DIRECT_OBJC_ISA_USAGE = YES_ERROR;
				CLANG_WARN_DOCUMENTATION_COMMENTS = YES;
				CLANG_WARN_EMPTY_BODY = YES;
				CLANG_WARN_ENUM_CONVERSION = YES;
				CLANG_WARN_INFINITE_RECURSION = YES;
				CLANG_WARN_INT_CONVERSION = YES;
				CLANG_WARN_NON_LITERAL_NULL_CONVERSION = YES;
				CLANG_WARN_OBJC_IMPLICIT_RETAIN_SELF = YES;
				CLANG_WARN_OBJC_LITERAL_CONVERSION = YES;
				CLANG_WARN_OBJC_ROOT_CLASS = YES_ERROR;
				CLANG_WARN_RANGE_LOOP_ANALYSIS = YES;
				CLANG_WARN_STRICT_PROTOTYPES = YES;
				CLANG_WARN_SUSPICIOUS_MOVE = YES;
				CLANG_WARN_UNGUARDED_AVAILABILITY = YES_AGGRESSIVE;
				CLANG_WARN_UNREACHABLE_CODE = YES;
				CLANG_WARN__DUPLICATE_METHOD_MATCH = YES;
				CODE_SIGN_IDENTITY = "iPhone Developer";
				COPY_PHASE_STRIP = NO;
				DEBUG_INFORMATION_FORMAT = "dwarf-with-dsym";
				ENABLE_NS_ASSERTIONS = NO;
				ENABLE_STRICT_OBJC_MSGSEND = YES;
				GCC_C_LANGUAGE_STANDARD = gnu11;
				GCC_NO_COMMON_BLOCKS = YES;
				GCC_WARN_64_TO_32_BIT_CONVERSION = YES;
				GCC_WARN_ABOUT_RETURN_TYPE = YES_ERROR;
				GCC_WARN_UNDECLARED_SELECTOR = YES;
				GCC_WARN_UNINITIALIZED_AUTOS = YES_AGGRESSIVE;
				GCC_WARN_UNUSED_FUNCTION = YES;
				GCC_WARN_UNUSED_VARIABLE = YES;
				IPHONEOS_DEPLOYMENT_TARGET = 11.4;
				MTL_ENABLE_DEBUG_INFO = NO;
				SDKROOT = iphoneos;
				SWIFT_COMPILATION_MODE = wholemodule;
				SWIFT_OPTIMIZATION_LEVEL = "-O";
				VALIDATE_PRODUCT = YES;
			};
			name = Release;
		};
		619656CC213AEF7C006B0237 /* Debug */ = {
			isa = XCBuildConfiguration;
			buildSettings = {
				ASSETCATALOG_COMPILER_APPICON_NAME = AppIcon;
				CODE_SIGN_STYLE = Automatic;
				DEVELOPMENT_TEAM = 5C469GAA4P;
				INFOPLIST_FILE = "Pitch Perfect/Info.plist";
				LD_RUNPATH_SEARCH_PATHS = (
					"$(inherited)",
					"@executable_path/Frameworks",
				);
				PRODUCT_BUNDLE_IDENTIFIER = "com.chetanbhasin.Pitch-Perfect";
				PRODUCT_NAME = "$(TARGET_NAME)";
				SWIFT_VERSION = 4.2;
				TARGETED_DEVICE_FAMILY = "1,2";
			};
			name = Debug;
		};
		619656CD213AEF7C006B0237 /* Release */ = {
			isa = XCBuildConfiguration;
			buildSettings = {
				ASSETCATALOG_COMPILER_APPICON_NAME = AppIcon;
				CODE_SIGN_STYLE = Automatic;
				DEVELOPMENT_TEAM = 5C469GAA4P;
				INFOPLIST_FILE = "Pitch Perfect/Info.plist";
				LD_RUNPATH_SEARCH_PATHS = (
					"$(inherited)",
					"@executable_path/Frameworks",
				);
				PRODUCT_BUNDLE_IDENTIFIER = "com.chetanbhasin.Pitch-Perfect";
				PRODUCT_NAME = "$(TARGET_NAME)";
				SWIFT_VERSION = 4.2;
				TARGETED_DEVICE_FAMILY = "1,2";
			};
			name = Release;
		};
		619656CF213AEF7C006B0237 /* Debug */ = {
			isa = XCBuildConfiguration;
			buildSettings = {
				ALWAYS_EMBED_SWIFT_STANDARD_LIBRARIES = YES;
				BUNDLE_LOADER = "$(TEST_HOST)";
				CODE_SIGN_STYLE = Automatic;
				DEVELOPMENT_TEAM = 5C469GAA4P;
				INFOPLIST_FILE = "Pitch PerfectTests/Info.plist";
				LD_RUNPATH_SEARCH_PATHS = (
					"$(inherited)",
					"@executable_path/Frameworks",
					"@loader_path/Frameworks",
				);
				PRODUCT_BUNDLE_IDENTIFIER = "com.chetanbhasin.Pitch-PerfectTests";
				PRODUCT_NAME = "$(TARGET_NAME)";
				SWIFT_VERSION = 4.2;
				TARGETED_DEVICE_FAMILY = "1,2";
				TEST_HOST = "$(BUILT_PRODUCTS_DIR)/Pitch Perfect.app/Pitch Perfect";
			};
			name = Debug;
		};
		619656D0213AEF7C006B0237 /* Release */ = {
			isa = XCBuildConfiguration;
			buildSettings = {
				ALWAYS_EMBED_SWIFT_STANDARD_LIBRARIES = YES;
				BUNDLE_LOADER = "$(TEST_HOST)";
				CODE_SIGN_STYLE = Automatic;
				DEVELOPMENT_TEAM = 5C469GAA4P;
				INFOPLIST_FILE = "Pitch PerfectTests/Info.plist";
				LD_RUNPATH_SEARCH_PATHS = (
					"$(inherited)",
					"@executable_path/Frameworks",
					"@loader_path/Frameworks",
				);
				PRODUCT_BUNDLE_IDENTIFIER = "com.chetanbhasin.Pitch-PerfectTests";
				PRODUCT_NAME = "$(TARGET_NAME)";
				SWIFT_VERSION = 4.2;
				TARGETED_DEVICE_FAMILY = "1,2";
				TEST_HOST = "$(BUILT_PRODUCTS_DIR)/Pitch Perfect.app/Pitch Perfect";
			};
			name = Release;
		};
		619656D2213AEF7C006B0237 /* Debug */ = {
			isa = XCBuildConfiguration;
			buildSettings = {
				ALWAYS_EMBED_SWIFT_STANDARD_LIBRARIES = YES;
				CODE_SIGN_STYLE = Automatic;
				DEVELOPMENT_TEAM = 5C469GAA4P;
				INFOPLIST_FILE = "Pitch PerfectUITests/Info.plist";
				LD_RUNPATH_SEARCH_PATHS = (
					"$(inherited)",
					"@executable_path/Frameworks",
					"@loader_path/Frameworks",
				);
				PRODUCT_BUNDLE_IDENTIFIER = "com.chetanbhasin.Pitch-PerfectUITests";
				PRODUCT_NAME = "$(TARGET_NAME)";
				SWIFT_VERSION = 4.2;
				TARGETED_DEVICE_FAMILY = "1,2";
				TEST_TARGET_NAME = "Pitch Perfect";
			};
			name = Debug;
		};
		619656D3213AEF7C006B0237 /* Release */ = {
			isa = XCBuildConfiguration;
			buildSettings = {
				ALWAYS_EMBED_SWIFT_STANDARD_LIBRARIES = YES;
				CODE_SIGN_STYLE = Automatic;
				DEVELOPMENT_TEAM = 5C469GAA4P;
				INFOPLIST_FILE = "Pitch PerfectUITests/Info.plist";
				LD_RUNPATH_SEARCH_PATHS = (
					"$(inherited)",
					"@executable_path/Frameworks",
					"@loader_path/Frameworks",
				);
				PRODUCT_BUNDLE_IDENTIFIER = "com.chetanbhasin.Pitch-PerfectUITests";
				PRODUCT_NAME = "$(TARGET_NAME)";
				SWIFT_VERSION = 4.2;
				TARGETED_DEVICE_FAMILY = "1,2";
				TEST_TARGET_NAME = "Pitch Perfect";
			};
			name = Release;
		};
/* End XCBuildConfiguration section */

/* Begin XCConfigurationList section */
		6196569E213AEF7A006B0237 /* Build configuration list for PBXProject "Pitch Perfect" */ = {
			isa = XCConfigurationList;
			buildConfigurations = (
				619656C9213AEF7C006B0237 /* Debug */,
				619656CA213AEF7C006B0237 /* Release */,
			);
			defaultConfigurationIsVisible = 0;
			defaultConfigurationName = Release;
		};
		619656CB213AEF7C006B0237 /* Build configuration list for PBXNativeTarget "Pitch Perfect" */ = {
			isa = XCConfigurationList;
			buildConfigurations = (
				619656CC213AEF7C006B0237 /* Debug */,
				619656CD213AEF7C006B0237 /* Release */,
			);
			defaultConfigurationIsVisible = 0;
			defaultConfigurationName = Release;
		};
		619656CE213AEF7C006B0237 /* Build configuration list for PBXNativeTarget "Pitch PerfectTests" */ = {
			isa = XCConfigurationList;
			buildConfigurations = (
				619656CF213AEF7C006B0237 /* Debug */,
				619656D0213AEF7C006B0237 /* Release */,
			);
			defaultConfigurationIsVisible = 0;
			defaultConfigurationName = Release;
		};
		619656D1213AEF7C006B0237 /* Build configuration list for PBXNativeTarget "Pitch PerfectUITests" */ = {
			isa = XCConfigurationList;
			buildConfigurations = (
				619656D2213AEF7C006B0237 /* Debug */,
				619656D3213AEF7C006B0237 /* Release */,
			);
			defaultConfigurationIsVisible = 0;
			defaultConfigurationName = Release;
		};
/* End XCConfigurationList section */
	};
	rootObject = 6196569B213AEF7A006B0237 /* Project object */;
}
